
Microsoft Visual Studio Solution File, Format Version 12.00
# Visual Studio Version 16
VisualStudioVersion = 16.0.31025.194
MinimumVisualStudioVersion = 10.0.40219.1
Project("{9A19103F-16F7-4668-BE54-9A1E7A4F7556}") = "Gensokyo.Components", "src\Gensokyo.Components\Gensokyo.Components.csproj", "{842205EE-085B-4D1D-A994-076DABEE1BDE}"
EndProject
Project("{9A19103F-16F7-4668-BE54-9A1E7A4F7556}") = "Gensokyo.Layouts", "src\Gensokyo.Layouts\Gensokyo.Layouts.csproj", "{CE1DC77B-3D8E-4B9A-B802-71CE13A9262E}"
EndProject
Project("{9A19103F-16F7-4668-BE54-9A1E7A4F7556}") = "Gensokyo.Samples", "src\Gensokyo.Samples\Gensokyo.Samples.csproj", "{75BF9841-E538-4DEB-823C-2F5803EB9DE6}"
EndProject
Project("{9A19103F-16F7-4668-BE54-9A1E7A4F7556}") = "Gensokyo.Testing", "src\Gensokyo.Testing\Gensokyo.Testing.csproj", "{BBD50403-8133-4D38-8600-FAFFAEF23980}"
EndProject
Project("{9A19103F-16F7-4668-BE54-9A1E7A4F7556}") = "Gensokyo.Xaml", "src\Gensokyo.Xaml\Gensokyo.Xaml.csproj", "{D851191A-6543-4242-A60B-2886DF4DD44E}"
EndProject
Project("{FAE04EC0-301F-11D3-BF4B-00C04F79EFBC}") = "Gensokyo.Components.Features", "src\Gensokyo.Components.Features\Gensokyo.Components.Features.csproj", "{3EDD0486-C664-4D00-841E-321767A7673D}"
EndProject
Global
	GlobalSection(SolutionConfigurationPlatforms) = preSolution
		Debug|Any CPU = Debug|Any CPU
		Release|Any CPU = Release|Any CPU
	EndGlobalSection
	GlobalSection(ProjectConfigurationPlatforms) = postSolution
		{842205EE-085B-4D1D-A994-076DABEE1BDE}.Debug|Any CPU.ActiveCfg = Debug|Any CPU
		{842205EE-085B-4D1D-A994-076DABEE1BDE}.Debug|Any CPU.Build.0 = Debug|Any CPU
		{842205EE-085B-4D1D-A994-076DABEE1BDE}.Release|Any CPU.ActiveCfg = Release|Any CPU
		{842205EE-085B-4D1D-A994-076DABEE1BDE}.Release|Any CPU.Build.0 = Release|Any CPU
		{CE1DC77B-3D8E-4B9A-B802-71CE13A9262E}.Debug|Any CPU.ActiveCfg = Debug|Any CPU
		{CE1DC77B-3D8E-4B9A-B802-71CE13A9262E}.Debug|Any CPU.Build.0 = Debug|Any CPU
		{CE1DC77B-3D8E-4B9A-B802-71CE13A9262E}.Release|Any CPU.ActiveCfg = Release|Any CPU
		{CE1DC77B-3D8E-4B9A-B802-71CE13A9262E}.Release|Any CPU.Build.0 = Release|Any CPU
		{75BF9841-E538-4DEB-823C-2F5803EB9DE6}.Debug|Any CPU.ActiveCfg = Debug|Any CPU
		{75BF9841-E538-4DEB-823C-2F5803EB9DE6}.Debug|Any CPU.Build.0 = Debug|Any CPU
		{75BF9841-E538-4DEB-823C-2F5803EB9DE6}.Release|Any CPU.ActiveCfg = Release|Any CPU
		{75BF9841-E538-4DEB-823C-2F5803EB9DE6}.Release|Any CPU.Build.0 = Release|Any CPU
		{BBD50403-8133-4D38-8600-FAFFAEF23980}.Debug|Any CPU.ActiveCfg = Debug|Any CPU
		{BBD50403-8133-4D38-8600-FAFFAEF23980}.Debug|Any CPU.Build.0 = Debug|Any CPU
		{BBD50403-8133-4D38-8600-FAFFAEF23980}.Release|Any CPU.ActiveCfg = Release|Any CPU
		{BBD50403-8133-4D38-8600-FAFFAEF23980}.Release|Any CPU.Build.0 = Release|Any CPU
		{D851191A-6543-4242-A60B-2886DF4DD44E}.Debug|Any CPU.ActiveCfg = Debug|Any CPU
		{D851191A-6543-4242-A60B-2886DF4DD44E}.Debug|Any CPU.Build.0 = Debug|Any CPU
		{D851191A-6543-4242-A60B-2886DF4DD44E}.Release|Any CPU.ActiveCfg = Release|Any CPU
		{D851191A-6543-4242-A60B-2886DF4DD44E}.Release|Any CPU.Build.0 = Release|Any CPU
		{3EDD0486-C664-4D00-841E-321767A7673D}.Debug|Any CPU.ActiveCfg = Debug|Any CPU
		{3EDD0486-C664-4D00-841E-321767A7673D}.Debug|Any CPU.Build.0 = Debug|Any CPU
		{3EDD0486-C664-4D00-841E-321767A7673D}.Release|Any CPU.ActiveCfg = Release|Any CPU
		{3EDD0486-C664-4D00-841E-321767A7673D}.Release|Any CPU.Build.0 = Release|Any CPU
	EndGlobalSection
	GlobalSection(SolutionProperties) = preSolution
		HideSolutionNode = FALSE
	EndGlobalSection
	GlobalSection(ExtensibilityGlobals) = postSolution
		SolutionGuid = {3D71A7D5-8FC7-46DF-9E5B-742B4B87F94D}
	EndGlobalSection
EndGlobal
